{
  "version": 4,
  "terraform_version": "1.9.6",
  "serial": 72,
  "lineage": "e8cdd836-1d16-88d6-2c7a-2ebbeb1f6a1d",
  "outputs": {
    "rds_endpoints": {
      "value": [
        "claims-api-new.cbagq0gscwnc.eu-north-1.rds.amazonaws.com:3306",
        "claims-api-database-new.cbagq0gscwnc.eu-north-1.rds.amazonaws.com:3306",
        "pay-database-new.cbagq0gscwnc.eu-north-1.rds.amazonaws.com:3306"
      ],
      "type": [
        "tuple",
        [
          "string",
          "string",
          "string"
        ]
      ]
    },
    "rds_security_group": {
      "value": "sg-0b1c57093ec0235ae",
      "type": "string"
    },
    "rds_vpc_id": {
      "value": "vpc-0f2c6edd1eccb3de8",
      "type": "string"
    }
  },
  "resources": [
    {
      "module": "module.security",
      "mode": "managed",
      "type": "aws_security_group",
      "name": "rds_sg",
      "provider": "provider[\"registry.terraform.io/hashicorp/aws\"]",
      "instances": [
        {
          "schema_version": 1,
          "attributes": {
            "arn": "arn:aws:ec2:eu-north-1:864981732361:security-group/sg-0b1c57093ec0235ae",
            "description": "Managed by Terraform",
            "egress": [],
            "id": "sg-0b1c57093ec0235ae",
            "ingress": [
              {
                "cidr_blocks": [
                  "10.2.0.0/16"
                ],
                "description": "",
                "from_port": 3306,
                "ipv6_cidr_blocks": [],
                "prefix_list_ids": [],
                "protocol": "tcp",
                "security_groups": [],
                "self": false,
                "to_port": 3306
              }
            ],
            "name": "terraform-20250306171129281200000001",
            "name_prefix": "terraform-",
            "owner_id": "864981732361",
            "revoke_rules_on_delete": false,
            "tags": {
              "Name": "rds-security-group"
            },
            "tags_all": {
              "Name": "rds-security-group"
            },
            "timeouts": null,
            "vpc_id": "vpc-0f2c6edd1eccb3de8"
          },
          "sensitive_attributes": [],
          "private": "eyJlMmJmYjczMC1lY2FhLTExZTYtOGY4OC0zNDM2M2JjN2M0YzAiOnsiY3JlYXRlIjo2MDAwMDAwMDAwMDAsImRlbGV0ZSI6OTAwMDAwMDAwMDAwfSwic2NoZW1hX3ZlcnNpb24iOiIxIn0=",
          "dependencies": [
            "module.vpc.aws_vpc.main"
          ]
        }
      ]
    },
    {
      "module": "module.vpc",
      "mode": "managed",
      "type": "aws_db_subnet_group",
      "name": "db_subnet_group",
      "provider": "provider[\"registry.terraform.io/hashicorp/aws\"]",
      "instances": [
        {
          "schema_version": 0,
          "attributes": {
            "arn": "arn:aws:rds:eu-north-1:864981732361:subgrp:rds-subnet-group",
            "description": "Managed by Terraform",
            "id": "rds-subnet-group",
            "name": "rds-subnet-group",
            "name_prefix": "",
            "subnet_ids": [
              "subnet-00351f27a18ece8d1",
              "subnet-02eea21cfe0f43c63",
              "subnet-05bd94e2dbb56a491",
              "subnet-05e3f0900afcad5d6",
              "subnet-0bb3e57a602cf0865",
              "subnet-0f79519508d350ac1"
            ],
            "supported_network_types": [
              "IPV4"
            ],
            "tags": {
              "Name": "rds-subnet-group"
            },
            "tags_all": {
              "Name": "rds-subnet-group"
            },
            "vpc_id": "vpc-0295f3b5e9c89e481"
          },
          "sensitive_attributes": [],
          "private": "bnVsbA==",
          "dependencies": [
            "module.vpc.aws_subnet.subnet",
            "module.vpc.aws_vpc.main"
          ]
        }
      ]
    },
    {
      "module": "module.vpc",
      "mode": "managed",
      "type": "aws_subnet",
      "name": "subnet",
      "provider": "provider[\"registry.terraform.io/hashicorp/aws\"]",
      "instances": [
        {
          "index_key": 0,
          "schema_version": 1,
          "attributes": {
            "arn": "arn:aws:ec2:eu-north-1:864981732361:subnet/subnet-0bb3e57a602cf0865",
            "assign_ipv6_address_on_creation": false,
            "availability_zone": "eu-north-1a",
            "availability_zone_id": "eun1-az1",
            "cidr_block": "10.2.1.0/24",
            "customer_owned_ipv4_pool": "",
            "enable_dns64": false,
            "enable_lni_at_device_index": 0,
            "enable_resource_name_dns_a_record_on_launch": false,
            "enable_resource_name_dns_aaaa_record_on_launch": false,
            "id": "subnet-0bb3e57a602cf0865",
            "ipv6_cidr_block": "",
            "ipv6_cidr_block_association_id": "",
            "ipv6_native": false,
            "map_customer_owned_ip_on_launch": false,
            "map_public_ip_on_launch": false,
            "outpost_arn": "",
            "owner_id": "864981732361",
            "private_dns_hostname_type_on_launch": "ip-name",
            "tags": {
              "Name": "subnet-1"
            },
            "tags_all": {
              "Name": "subnet-1"
            },
            "timeouts": null,
            "vpc_id": "vpc-0f2c6edd1eccb3de8"
          },
          "sensitive_attributes": [],
          "private": "eyJlMmJmYjczMC1lY2FhLTExZTYtOGY4OC0zNDM2M2JjN2M0YzAiOnsiY3JlYXRlIjo2MDAwMDAwMDAwMDAsImRlbGV0ZSI6MTIwMDAwMDAwMDAwMH0sInNjaGVtYV92ZXJzaW9uIjoiMSJ9",
          "dependencies": [
            "module.vpc.aws_vpc.main"
          ]
        },
        {
          "index_key": 1,
          "schema_version": 1,
          "attributes": {
            "arn": "arn:aws:ec2:eu-north-1:864981732361:subnet/subnet-05e3f0900afcad5d6",
            "assign_ipv6_address_on_creation": false,
            "availability_zone": "eu-north-1b",
            "availability_zone_id": "eun1-az2",
            "cidr_block": "10.2.2.0/24",
            "customer_owned_ipv4_pool": "",
            "enable_dns64": false,
            "enable_lni_at_device_index": 0,
            "enable_resource_name_dns_a_record_on_launch": false,
            "enable_resource_name_dns_aaaa_record_on_launch": false,
            "id": "subnet-05e3f0900afcad5d6",
            "ipv6_cidr_block": "",
            "ipv6_cidr_block_association_id": "",
            "ipv6_native": false,
            "map_customer_owned_ip_on_launch": false,
            "map_public_ip_on_launch": false,
            "outpost_arn": "",
            "owner_id": "864981732361",
            "private_dns_hostname_type_on_launch": "ip-name",
            "tags": {
              "Name": "subnet-2"
            },
            "tags_all": {
              "Name": "subnet-2"
            },
            "timeouts": null,
            "vpc_id": "vpc-0f2c6edd1eccb3de8"
          },
          "sensitive_attributes": [],
          "private": "eyJlMmJmYjczMC1lY2FhLTExZTYtOGY4OC0zNDM2M2JjN2M0YzAiOnsiY3JlYXRlIjo2MDAwMDAwMDAwMDAsImRlbGV0ZSI6MTIwMDAwMDAwMDAwMH0sInNjaGVtYV92ZXJzaW9uIjoiMSJ9",
          "dependencies": [
            "module.vpc.aws_vpc.main"
          ]
        },
        {
          "index_key": 2,
          "schema_version": 1,
          "attributes": {
            "arn": "arn:aws:ec2:eu-north-1:864981732361:subnet/subnet-05bd94e2dbb56a491",
            "assign_ipv6_address_on_creation": false,
            "availability_zone": "eu-north-1c",
            "availability_zone_id": "eun1-az3",
            "cidr_block": "10.2.3.0/24",
            "customer_owned_ipv4_pool": "",
            "enable_dns64": false,
            "enable_lni_at_device_index": 0,
            "enable_resource_name_dns_a_record_on_launch": false,
            "enable_resource_name_dns_aaaa_record_on_launch": false,
            "id": "subnet-05bd94e2dbb56a491",
            "ipv6_cidr_block": "",
            "ipv6_cidr_block_association_id": "",
            "ipv6_native": false,
            "map_customer_owned_ip_on_launch": false,
            "map_public_ip_on_launch": false,
            "outpost_arn": "",
            "owner_id": "864981732361",
            "private_dns_hostname_type_on_launch": "ip-name",
            "tags": {
              "Name": "subnet-3"
            },
            "tags_all": {
              "Name": "subnet-3"
            },
            "timeouts": null,
            "vpc_id": "vpc-0f2c6edd1eccb3de8"
          },
          "sensitive_attributes": [],
          "private": "eyJlMmJmYjczMC1lY2FhLTExZTYtOGY4OC0zNDM2M2JjN2M0YzAiOnsiY3JlYXRlIjo2MDAwMDAwMDAwMDAsImRlbGV0ZSI6MTIwMDAwMDAwMDAwMH0sInNjaGVtYV92ZXJzaW9uIjoiMSJ9",
          "dependencies": [
            "module.vpc.aws_vpc.main"
          ]
        },
        {
          "index_key": 3,
          "schema_version": 1,
          "attributes": {
            "arn": "arn:aws:ec2:eu-north-1:864981732361:subnet/subnet-02eea21cfe0f43c63",
            "assign_ipv6_address_on_creation": false,
            "availability_zone": "eu-north-1a",
            "availability_zone_id": "eun1-az1",
            "cidr_block": "10.2.4.0/24",
            "customer_owned_ipv4_pool": "",
            "enable_dns64": false,
            "enable_lni_at_device_index": 0,
            "enable_resource_name_dns_a_record_on_launch": false,
            "enable_resource_name_dns_aaaa_record_on_launch": false,
            "id": "subnet-02eea21cfe0f43c63",
            "ipv6_cidr_block": "",
            "ipv6_cidr_block_association_id": "",
            "ipv6_native": false,
            "map_customer_owned_ip_on_launch": false,
            "map_public_ip_on_launch": false,
            "outpost_arn": "",
            "owner_id": "864981732361",
            "private_dns_hostname_type_on_launch": "ip-name",
            "tags": {
              "Name": "subnet-4"
            },
            "tags_all": {
              "Name": "subnet-4"
            },
            "timeouts": null,
            "vpc_id": "vpc-0f2c6edd1eccb3de8"
          },
          "sensitive_attributes": [],
          "private": "eyJlMmJmYjczMC1lY2FhLTExZTYtOGY4OC0zNDM2M2JjN2M0YzAiOnsiY3JlYXRlIjo2MDAwMDAwMDAwMDAsImRlbGV0ZSI6MTIwMDAwMDAwMDAwMH0sInNjaGVtYV92ZXJzaW9uIjoiMSJ9",
          "dependencies": [
            "module.vpc.aws_vpc.main"
          ]
        },
        {
          "index_key": 4,
          "schema_version": 1,
          "attributes": {
            "arn": "arn:aws:ec2:eu-north-1:864981732361:subnet/subnet-0f79519508d350ac1",
            "assign_ipv6_address_on_creation": false,
            "availability_zone": "eu-north-1b",
            "availability_zone_id": "eun1-az2",
            "cidr_block": "10.2.5.0/24",
            "customer_owned_ipv4_pool": "",
            "enable_dns64": false,
            "enable_lni_at_device_index": 0,
            "enable_resource_name_dns_a_record_on_launch": false,
            "enable_resource_name_dns_aaaa_record_on_launch": false,
            "id": "subnet-0f79519508d350ac1",
            "ipv6_cidr_block": "",
            "ipv6_cidr_block_association_id": "",
            "ipv6_native": false,
            "map_customer_owned_ip_on_launch": false,
            "map_public_ip_on_launch": false,
            "outpost_arn": "",
            "owner_id": "864981732361",
            "private_dns_hostname_type_on_launch": "ip-name",
            "tags": {
              "Name": "subnet-5"
            },
            "tags_all": {
              "Name": "subnet-5"
            },
            "timeouts": null,
            "vpc_id": "vpc-0f2c6edd1eccb3de8"
          },
          "sensitive_attributes": [],
          "private": "eyJlMmJmYjczMC1lY2FhLTExZTYtOGY4OC0zNDM2M2JjN2M0YzAiOnsiY3JlYXRlIjo2MDAwMDAwMDAwMDAsImRlbGV0ZSI6MTIwMDAwMDAwMDAwMH0sInNjaGVtYV92ZXJzaW9uIjoiMSJ9",
          "dependencies": [
            "module.vpc.aws_vpc.main"
          ]
        },
        {
          "index_key": 5,
          "schema_version": 1,
          "attributes": {
            "arn": "arn:aws:ec2:eu-north-1:864981732361:subnet/subnet-00351f27a18ece8d1",
            "assign_ipv6_address_on_creation": false,
            "availability_zone": "eu-north-1c",
            "availability_zone_id": "eun1-az3",
            "cidr_block": "10.2.6.0/24",
            "customer_owned_ipv4_pool": "",
            "enable_dns64": false,
            "enable_lni_at_device_index": 0,
            "enable_resource_name_dns_a_record_on_launch": false,
            "enable_resource_name_dns_aaaa_record_on_launch": false,
            "id": "subnet-00351f27a18ece8d1",
            "ipv6_cidr_block": "",
            "ipv6_cidr_block_association_id": "",
            "ipv6_native": false,
            "map_customer_owned_ip_on_launch": false,
            "map_public_ip_on_launch": false,
            "outpost_arn": "",
            "owner_id": "864981732361",
            "private_dns_hostname_type_on_launch": "ip-name",
            "tags": {
              "Name": "subnet-6"
            },
            "tags_all": {
              "Name": "subnet-6"
            },
            "timeouts": null,
            "vpc_id": "vpc-0f2c6edd1eccb3de8"
          },
          "sensitive_attributes": [],
          "private": "eyJlMmJmYjczMC1lY2FhLTExZTYtOGY4OC0zNDM2M2JjN2M0YzAiOnsiY3JlYXRlIjo2MDAwMDAwMDAwMDAsImRlbGV0ZSI6MTIwMDAwMDAwMDAwMH0sInNjaGVtYV92ZXJzaW9uIjoiMSJ9",
          "dependencies": [
            "module.vpc.aws_vpc.main"
          ]
        }
      ]
    },
    {
      "module": "module.vpc",
      "mode": "managed",
      "type": "aws_vpc",
      "name": "main",
      "provider": "provider[\"registry.terraform.io/hashicorp/aws\"]",
      "instances": [
        {
          "schema_version": 1,
          "attributes": {
            "arn": "arn:aws:ec2:eu-north-1:864981732361:vpc/vpc-0f2c6edd1eccb3de8",
            "assign_generated_ipv6_cidr_block": false,
            "cidr_block": "10.2.0.0/16",
            "default_network_acl_id": "acl-0c370e55205fbb020",
            "default_route_table_id": "rtb-03c572d38281b6dbf",
            "default_security_group_id": "sg-0a7d485f240726590",
            "dhcp_options_id": "dopt-0a2972a950d63d336",
            "enable_dns_hostnames": false,
            "enable_dns_support": true,
            "enable_network_address_usage_metrics": false,
            "id": "vpc-0f2c6edd1eccb3de8",
            "instance_tenancy": "default",
            "ipv4_ipam_pool_id": null,
            "ipv4_netmask_length": null,
            "ipv6_association_id": "",
            "ipv6_cidr_block": "",
            "ipv6_cidr_block_network_border_group": "",
            "ipv6_ipam_pool_id": "",
            "ipv6_netmask_length": 0,
            "main_route_table_id": "rtb-03c572d38281b6dbf",
            "owner_id": "864981732361",
            "tags": {
              "Name": "claims_network_new"
            },
            "tags_all": {
              "Name": "claims_network_new"
            }
          },
          "sensitive_attributes": [],
          "private": "eyJzY2hlbWFfdmVyc2lvbiI6IjEifQ=="
        }
      ]
    }
  ],
  "check_results": null
}
